
Microsoft Visual Studio Solution File, Format Version 12.00
# Visual Studio 15
VisualStudioVersion = 15.0.28307.1300
MinimumVisualStudioVersion = 10.0.40219.1
Project("{FAE04EC0-301F-11D3-BF4B-00C04F79EFBC}") = "SignalRchat", "SignalRchat\SignalRchat.csproj", "{A21C1F35-40D6-450D-B68C-B236FA173AFC}"
EndProject
Global
	GlobalSection(SolutionConfigurationPlatforms) = preSolution
		Debug|Any CPU = Debug|Any CPU
		Release|Any CPU = Release|Any CPU
	EndGlobalSection
	GlobalSection(ProjectConfigurationPlatforms) = postSolution
		{A21C1F35-40D6-450D-B68C-B236FA173AFC}.Debug|Any CPU.ActiveCfg = Debug|Any CPU
		{A21C1F35-40D6-450D-B68C-B236FA173AFC}.Debug|Any CPU.Build.0 = Debug|Any CPU
		{A21C1F35-40D6-450D-B68C-B236FA173AFC}.Release|Any CPU.ActiveCfg = Release|Any CPU
		{A21C1F35-40D6-450D-B68C-B236FA173AFC}.Release|Any CPU.Build.0 = Release|Any CPU
	EndGlobalSection
	GlobalSection(SolutionProperties) = preSolution
		HideSolutionNode = FALSE
	EndGlobalSection
	GlobalSection(ExtensibilityGlobals) = postSolution
		SolutionGuid = {DF7AFBB5-1534-408B-BB7E-6F8423A00F3B}
	EndGlobalSection
EndGlobal
